// !$*UTF8*$!
{
	archiveVersion = 1;
	classes = {
	};
	objectVersion = 46;
	objects = {

/* Begin PBXBuildFile section */
		D06294391D9CA841008E5627 /* AppDelegate.swift in Sources */ = {isa = PBXBuildFile; fileRef = D06294381D9CA841008E5627 /* AppDelegate.swift */; };
		D062943B1D9CA841008E5627 /* ViewController.swift in Sources */ = {isa = PBXBuildFile; fileRef = D062943A1D9CA841008E5627 /* ViewController.swift */; };
		D062943E1D9CA841008E5627 /* Main.storyboard in Resources */ = {isa = PBXBuildFile; fileRef = D062943C1D9CA841008E5627 /* Main.storyboard */; };
		D06294401D9CA841008E5627 /* Assets.xcassets in Resources */ = {isa = PBXBuildFile; fileRef = D062943F1D9CA841008E5627 /* Assets.xcassets */; };
		D06294431D9CA841008E5627 /* LaunchScreen.storyboard in Resources */ = {isa = PBXBuildFile; fileRef = D06294411D9CA841008E5627 /* LaunchScreen.storyboard */; };
		D06637691DA2DBF300FA5E8E /* OceanWaves.mp3 in Resources */ = {isa = PBXBuildFile; fileRef = D06637681DA2DBF300FA5E8E /* OceanWaves.mp3 */; };
		D066376B1DA2F2B000FA5E8E /* AVFoundation.framework in Frameworks */ = {isa = PBXBuildFile; fileRef = D066376A1DA2F2B000FA5E8E /* AVFoundation.framework */; };
/* End PBXBuildFile section */

/* Begin PBXFileReference section */
		D06294351D9CA841008E5627 /* Timer1.app */ = {isa = PBXFileReference; explicitFileType = wrapper.application; includeInIndex = 0; path = Timer1.app; sourceTree = BUILT_PRODUCTS_DIR; };
		D06294381D9CA841008E5627 /* AppDelegate.swift */ = {isa = PBXFileReference; lastKnownFileType = sourcecode.swift; path = AppDelegate.swift; sourceTree = "<group>"; };
		D062943A1D9CA841008E5627 /* ViewController.swift */ = {isa = PBXFileReference; lastKnownFileType = sourcecode.swift; path = ViewController.swift; sourceTree = "<group>"; };
		D062943D1D9CA841008E5627 /* Base */ = {isa = PBXFileReference; lastKnownFileType = file.storyboard; name = Base; path = Base.lproj/Main.storyboard; sourceTree = "<group>"; };
		D062943F1D9CA841008E5627 /* Assets.xcassets */ = {isa = PBXFileReference; lastKnownFileType = folder.assetcatalog; path = Assets.xcassets; sourceTree = "<group>"; };
		D06294421D9CA841008E5627 /* Base */ = {isa = PBXFileReference; lastKnownFileType = file.storyboard; name = Base; path = Base.lproj/LaunchScreen.storyboard; sourceTree = "<group>"; };
		D06294441D9CA841008E5627 /* Info.plist */ = {isa = PBXFileReference; lastKnownFileType = text.plist.xml; path = Info.plist; sourceTree = "<group>"; };
		D06637681DA2DBF300FA5E8E /* OceanWaves.mp3 */ = {isa = PBXFileReference; lastKnownFileType = audio.mp3; path = OceanWaves.mp3; sourceTree = "<group>"; };
		D066376A1DA2F2B000FA5E8E /* AVFoundation.framework */ = {isa = PBXFileReference; lastKnownFileType = wrapper.framework; name = AVFoundation.framework; path = System/Library/Frameworks/AVFoundation.framework; sourceTree = SDKROOT; };
/* End PBXFileReference section */

/* Begin PBXFrameworksBuildPhase section */
		D06294321D9CA841008E5627 /* Frameworks */ = {
			isa = PBXFrameworksBuildPhase;
			buildActionMask = 2147483647;
			files = (
				D066376B1DA2F2B000FA5E8E /* AVFoundation.framework in Frameworks */,
			);
			runOnlyForDeploymentPostprocessing = 0;
		};
/* End PBXFrameworksBuildPhase section */

/* Begin PBXGroup section */
		D062942C1D9CA841008E5627 = {
			isa = PBXGroup;
			children = (
				D066376A1DA2F2B000FA5E8E /* AVFoundation.framework */,
				D06294371D9CA841008E5627 /* Timer1 */,
				D06294361D9CA841008E5627 /* Products */,
			);
			sourceTree = "<group>";
		};
		D06294361D9CA841008E5627 /* Products */ = {
			isa = PBXGroup;
			children = (
				D06294351D9CA841008E5627 /* Timer1.app */,
			);
			name = Products;
			sourceTree = "<group>";
		};
		D06294371D9CA841008E5627 /* Timer1 */ = {
			isa = PBXGroup;
			children = (
				D06294381D9CA841008E5627 /* AppDelegate.swift */,
				D062943A1D9CA841008E5627 /* ViewController.swift */,
				D062943C1D9CA841008E5627 /* Main.storyboard */,
				D062943F1D9CA841008E5627 /* Assets.xcassets */,
				D06294411D9CA841008E5627 /* LaunchScreen.storyboard */,
				D06294441D9CA841008E5627 /* Info.plist */,
				D06637671DA2D5FF00FA5E8E /* Supporting Files */,
			);
			path = Timer1;
			sourceTree = "<group>";
		};
		D06637671DA2D5FF00FA5E8E /* Supporting Files */ = {
			isa = PBXGroup;
			children = (
				D06637681DA2DBF300FA5E8E /* OceanWaves.mp3 */,
			);
			name = "Supporting Files";
			path = ..;
			sourceTree = "<group>";
		};
/* End PBXGroup section */

/* Begin PBXNativeTarget section */
		D06294341D9CA841008E5627 /* Timer1 */ = {
			isa = PBXNativeTarget;
			buildConfigurationList = D06294471D9CA841008E5627 /* Build configuration list for PBXNativeTarget "Timer1" */;
			buildPhases = (
				D06294311D9CA841008E5627 /* Sources */,
				D06294321D9CA841008E5627 /* Frameworks */,
				D06294331D9CA841008E5627 /* Resources */,
			);
			buildRules = (
			);
			dependencies = (
			);
			name = Timer1;
			productName = Timer1;
			productReference = D06294351D9CA841008E5627 /* Timer1.app */;
			productType = "com.apple.product-type.application";
		};
/* End PBXNativeTarget section */

/* Begin PBXProject section */
		D062942D1D9CA841008E5627 /* Project object */ = {
			isa = PBXProject;
			attributes = {
				LastSwiftUpdateCheck = 0730;
				LastUpgradeCheck = 0730;
				ORGANIZATIONNAME = natebeard_;
				TargetAttributes = {
					D06294341D9CA841008E5627 = {
						CreatedOnToolsVersion = 7.3.1;
					};
				};
			};
			buildConfigurationList = D06294301D9CA841008E5627 /* Build configuration list for PBXProject "Timer1" */;
			compatibilityVersion = "Xcode 3.2";
			developmentRegion = English;
			hasScannedForEncodings = 0;
			knownRegions = (
				en,
				Base,
			);
			mainGroup = D062942C1D9CA841008E5627;
			productRefGroup = D06294361D9CA841008E5627 /* Products */;
			projectDirPath = "";
			projectRoot = "";
			targets = (
				D06294341D9CA841008E5627 /* Timer1 */,
			);
		};
/* End PBXProject section */

/* Begin PBXResourcesBuildPhase section */
		D06294331D9CA841008E5627 /* Resources */ = {
			isa = PBXResourcesBuildPhase;
			buildActionMask = 2147483647;
			files = (
				D06637691DA2DBF300FA5E8E /* OceanWaves.mp3 in Resources */,
				D06294431D9CA841008E5627 /* LaunchScreen.storyboard in Resources */,
				D06294401D9CA841008E5627 /* Assets.xcassets in Resources */,
				D062943E1D9CA841008E5627 /* Main.storyboard in Resources */,
			);
			runOnlyForDeploymentPostprocessing = 0;
		};
/* End PBXResourcesBuildPhase section */

/* Begin PBXSourcesBuildPhase section */
		D06294311D9CA841008E5627 /* Sources */ = {
			isa = PBXSourcesBuildPhase;
			buildActionMask = 2147483647;
			files = (
				D062943B1D9CA841008E5627 /* ViewController.swift in Sources */,
				D06294391D9CA841008E5627 /* AppDelegate.swift in Sources */,
			);
			runOnlyForDeploymentPostprocessing = 0;
		};
/* End PBXSourcesBuildPhase section */

/* Begin PBXVariantGroup section */
		D062943C1D9CA841008E5627 /* Main.storyboard */ = {
			isa = PBXVariantGroup;
			children = (
				D062943D1D9CA841008E5627 /* Base */,
			);
			name = Main.storyboard;
			sourceTree = "<group>";
		};
		D06294411D9CA841008E5627 /* LaunchScreen.storyboard */ = {
			isa = PBXVariantGroup;
			children = (
				D06294421D9CA841008E5627 /* Base */,
			);
			name = LaunchScreen.storyboard;
			sourceTree = "<group>";
		};
/* End PBXVariantGroup section */

/* Begin XCBuildConfiguration section */
		D06294451D9CA841008E5627 /* Debug */ = {
			isa = XCBuildConfiguration;
			buildSettings = {
				ALWAYS_SEARCH_USER_PATHS = NO;
				CLANG_ANALYZER_NONNULL = YES;
				CLANG_CXX_LANGUAGE_STANDARD = "gnu++0x";
				CLANG_CXX_LIBRARY = "libc++";
				CLANG_ENABLE_MODULES = YES;
				CLANG_ENABLE_OBJC_ARC = YES;
				CLANG_WARN_BOOL_CONVERSION = YES;
				CLANG_WARN_CONSTANT_CONVERSION = YES;
				CLANG_WARN_DIRECT_OBJC_ISA_USAGE = YES_ERROR;
				CLANG_WARN_EMPTY_BODY = YES;
				CLANG_WARN_ENUM_CONVERSION = YES;
				CLANG_WARN_INT_CONVERSION = YES;
				CLANG_WARN_OBJC_ROOT_CLASS = YES_ERROR;
				CLANG_WARN_UNREACHABLE_CODE = YES;
				CLANG_WARN__DUPLICATE_METHOD_MATCH = YES;
				"CODE_SIGN_IDENTITY[sdk=iphoneos*]" = "iPhone Developer";
				COPY_PHASE_STRIP = NO;
				DEBUG_INFORMATION_FORMAT = dwarf;
				ENABLE_STRICT_OBJC_MSGSEND = YES;
				ENABLE_TESTABILITY = YES;
				GCC_C_LANGUAGE_STANDARD = gnu99;
				GCC_DYNAMIC_NO_PIC = NO;
				GCC_NO_COMMON_BLOCKS = YES;
				GCC_OPTIMIZATION_LEVEL = 0;
				GCC_PREPROCESSOR_DEFINITIONS = (
					"DEBUG=1",
					"$(inherited)",
				);
				GCC_WARN_64_TO_32_BIT_CONVERSION = YES;
				GCC_WARN_ABOUT_RETURN_TYPE = YES_ERROR;
				GCC_WARN_UNDECLARED_SELECTOR = YES;
				GCC_WARN_UNINITIALIZED_AUTOS = YES_AGGRESSIVE;
				GCC_WARN_UNUSED_FUNCTION = YES;
				GCC_WARN_UNUSED_VARIABLE = YES;
				IPHONEOS_DEPLOYMENT_TARGET = 9.3;
				MTL_ENABLE_DEBUG_INFO = YES;
				ONLY_ACTIVE_ARCH = YES;
				SDKROOT = iphoneos;
				SWIFT_OPTIMIZATION_LEVEL = "-Onone";
			};
			name = Debug;
		};
		D06294461D9CA841008E5627 /* Release */ = {
			isa = XCBuildConfiguration;
			buildSettings = {
				ALWAYS_SEARCH_USER_PATHS = NO;
				CLANG_ANALYZER_NONNULL = YES;
				CLANG_CXX_LANGUAGE_STANDARD = "gnu++0x";
				CLANG_CXX_LIBRARY = "libc++";
				CLANG_ENABLE_MODULES = YES;
				CLANG_ENABLE_OBJC_ARC = YES;
				CLANG_WARN_BOOL_CONVERSION = YES;
				CLANG_WARN_CONSTANT_CONVERSION = YES;
				CLANG_WARN_DIRECT_OBJC_ISA_USAGE = YES_ERROR;
				CLANG_WARN_EMPTY_BODY = YES;
				CLANG_WARN_ENUM_CONVERSION = YES;
				CLANG_WARN_INT_CONVERSION = YES;
				CLANG_WARN_OBJC_ROOT_CLASS = YES_ERROR;
				CLANG_WARN_UNREACHABLE_CODE = YES;
				CLANG_WARN__DUPLICATE_METHOD_MATCH = YES;
				"CODE_SIGN_IDENTITY[sdk=iphoneos*]" = "iPhone Developer";
				COPY_PHASE_STRIP = NO;
				DEBUG_INFORMATION_FORMAT = "dwarf-with-dsym";
				ENABLE_NS_ASSERTIONS = NO;
				ENABLE_STRICT_OBJC_MSGSEND = YES;
				GCC_C_LANGUAGE_STANDARD = gnu99;
				GCC_NO_COMMON_BLOCKS = YES;
				GCC_WARN_64_TO_32_BIT_CONVERSION = YES;
				GCC_WARN_ABOUT_RETURN_TYPE = YES_ERROR;
				GCC_WARN_UNDECLARED_SELECTOR = YES;
				GCC_WARN_UNINITIALIZED_AUTOS = YES_AGGRESSIVE;
				GCC_WARN_UNUSED_FUNCTION = YES;
				GCC_WARN_UNUSED_VARIABLE = YES;
				IPHONEOS_DEPLOYMENT_TARGET = 9.3;
				MTL_ENABLE_DEBUG_INFO = NO;
				SDKROOT = iphoneos;
				VALIDATE_PRODUCT = YES;
			};
			name = Release;
		};
		D06294481D9CA841008E5627 /* Debug */ = {
			isa = XCBuildConfiguration;
			buildSettings = {
				ASSETCATALOG_COMPILER_APPICON_NAME = AppIcon;
				INFOPLIST_FILE = Timer1/Info.plist;
				LD_RUNPATH_SEARCH_PATHS = "$(inherited) @executable_path/Frameworks";
				PRODUCT_BUNDLE_IDENTIFIER = ATLAS.Timer1;
				PRODUCT_NAME = "$(TARGET_NAME)";
				TARGETED_DEVICE_FAMILY = "1,2";
			};
			name = Debug;
		};
		D06294491D9CA841008E5627 /* Release */ = {
			isa = XCBuildConfiguration;
			buildSettings = {
				ASSETCATALOG_COMPILER_APPICON_NAME = AppIcon;
				INFOPLIST_FILE = Timer1/Info.plist;
				LD_RUNPATH_SEARCH_PATHS = "$(inherited) @executable_path/Frameworks";
				PRODUCT_BUNDLE_IDENTIFIER = ATLAS.Timer1;
				PRODUCT_NAME = "$(TARGET_NAME)";
				TARGETED_DEVICE_FAMILY = "1,2";
			};
			name = Release;
		};
/* End XCBuildConfiguration section */

/* Begin XCConfigurationList section */
		D06294301D9CA841008E5627 /* Build configuration list for PBXProject "Timer1" */ = {
			isa = XCConfigurationList;
			buildConfigurations = (
				D06294451D9CA841008E5627 /* Debug */,
				D06294461D9CA841008E5627 /* Release */,
			);
			defaultConfigurationIsVisible = 0;
			defaultConfigurationName = Release;
		};
		D06294471D9CA841008E5627 /* Build configuration list for PBXNativeTarget "Timer1" */ = {
			isa = XCConfigurationList;
			buildConfigurations = (
				D06294481D9CA841008E5627 /* Debug */,
				D06294491D9CA841008E5627 /* Release */,
			);
			defaultConfigurationIsVisible = 0;
			defaultConfigurationName = Release;
		};
/* End XCConfigurationList section */
	};
	rootObject = D062942D1D9CA841008E5627 /* Project object */;
}
